
Microsoft Visual Studio Solution File, Format Version 12.00
# Visual Studio 15
VisualStudioVersion = 15.0.27428.2037
MinimumVisualStudioVersion = 10.0.40219.1
Project("{9A19103F-16F7-4668-BE54-9A1E7A4F7556}") = "CrossCam", "CrossCam\CrossCam.csproj", "{C67DAD12-9B8D-4AE3-B7B2-5F84E4E26EA8}"
EndProject
Project("{FAE04EC0-301F-11D3-BF4B-00C04F79EFBC}") = "CrossCam.Droid", "CrossCam.Droid\CrossCam.Droid.csproj", "{A47F6F63-D74D-4C78-BB34-518C57C41DEE}"
EndProject
Project("{FAE04EC0-301F-11D3-BF4B-00C04F79EFBC}") = "CrossCam.iOS", "CrossCam.iOS\CrossCam.iOS.csproj", "{169D5C20-8FDA-48FC-96AF-2F6E09BB9B4F}"
EndProject
Project("{D954291E-2A0B-460D-934E-DC6B0785DB48}") = "AutoAlignment", "AutoAlignment\AutoAlignment.shproj", "{F9D4DFBF-A407-473C-AA27-36E2E0F5FCF8}"
EndProject
Project("{FAE04EC0-301F-11D3-BF4B-00C04F79EFBC}") = "CrossCam.iOS.Extension", "CrossCam.iOS.Extension\CrossCam.iOS.Extension.csproj", "{292F6A1E-E003-4BD7-8BAF-AC64B80D0BBA}"
EndProject
Global
	GlobalSection(SharedMSBuildProjectFiles) = preSolution
		AutoAlignment\AutoAlignment.projitems*{169d5c20-8fda-48fc-96af-2f6e09bb9b4f}*SharedItemsImports = 4
		AutoAlignment\AutoAlignment.projitems*{a47f6f63-d74d-4c78-bb34-518c57c41dee}*SharedItemsImports = 4
		AutoAlignment\AutoAlignment.projitems*{f9d4dfbf-a407-473c-aa27-36e2e0f5fcf8}*SharedItemsImports = 13
	EndGlobalSection
	GlobalSection(SolutionConfigurationPlatforms) = preSolution
		Debug|Any CPU = Debug|Any CPU
		Debug|ARM = Debug|ARM
		Debug|iPhone = Debug|iPhone
		Debug|iPhoneSimulator = Debug|iPhoneSimulator
		Debug|Mixed Platforms = Debug|Mixed Platforms
		Debug|x64 = Debug|x64
		Debug|x86 = Debug|x86
		Release|Any CPU = Release|Any CPU
		Release|ARM = Release|ARM
		Release|iPhone = Release|iPhone
		Release|iPhoneSimulator = Release|iPhoneSimulator
		Release|Mixed Platforms = Release|Mixed Platforms
		Release|x64 = Release|x64
		Release|x86 = Release|x86
	EndGlobalSection
	GlobalSection(ProjectConfigurationPlatforms) = postSolution
		{C67DAD12-9B8D-4AE3-B7B2-5F84E4E26EA8}.Debug|Any CPU.ActiveCfg = Debug|Any CPU
		{C67DAD12-9B8D-4AE3-B7B2-5F84E4E26EA8}.Debug|Any CPU.Build.0 = Debug|Any CPU
		{C67DAD12-9B8D-4AE3-B7B2-5F84E4E26EA8}.Debug|ARM.ActiveCfg = Debug|Any CPU
		{C67DAD12-9B8D-4AE3-B7B2-5F84E4E26EA8}.Debug|ARM.Build.0 = Debug|Any CPU
		{C67DAD12-9B8D-4AE3-B7B2-5F84E4E26EA8}.Debug|iPhone.ActiveCfg = Debug|Any CPU
		{C67DAD12-9B8D-4AE3-B7B2-5F84E4E26EA8}.Debug|iPhone.Build.0 = Debug|Any CPU
		{C67DAD12-9B8D-4AE3-B7B2-5F84E4E26EA8}.Debug|iPhoneSimulator.ActiveCfg = Debug|Any CPU
		{C67DAD12-9B8D-4AE3-B7B2-5F84E4E26EA8}.Debug|iPhoneSimulator.Build.0 = Debug|Any CPU
		{C67DAD12-9B8D-4AE3-B7B2-5F84E4E26EA8}.Debug|Mixed Platforms.ActiveCfg = Debug|Any CPU
		{C67DAD12-9B8D-4AE3-B7B2-5F84E4E26EA8}.Debug|Mixed Platforms.Build.0 = Debug|Any CPU
		{C67DAD12-9B8D-4AE3-B7B2-5F84E4E26EA8}.Debug|x64.ActiveCfg = Debug|Any CPU
		{C67DAD12-9B8D-4AE3-B7B2-5F84E4E26EA8}.Debug|x64.Build.0 = Debug|Any CPU
		{C67DAD12-9B8D-4AE3-B7B2-5F84E4E26EA8}.Debug|x86.ActiveCfg = Debug|Any CPU
		{C67DAD12-9B8D-4AE3-B7B2-5F84E4E26EA8}.Debug|x86.Build.0 = Debug|Any CPU
		{C67DAD12-9B8D-4AE3-B7B2-5F84E4E26EA8}.Release|Any CPU.ActiveCfg = Release|Any CPU
		{C67DAD12-9B8D-4AE3-B7B2-5F84E4E26EA8}.Release|Any CPU.Build.0 = Release|Any CPU
		{C67DAD12-9B8D-4AE3-B7B2-5F84E4E26EA8}.Release|ARM.ActiveCfg = Release|Any CPU
		{C67DAD12-9B8D-4AE3-B7B2-5F84E4E26EA8}.Release|ARM.Build.0 = Release|Any CPU
		{C67DAD12-9B8D-4AE3-B7B2-5F84E4E26EA8}.Release|iPhone.ActiveCfg = Release|Any CPU
		{C67DAD12-9B8D-4AE3-B7B2-5F84E4E26EA8}.Release|iPhone.Build.0 = Release|Any CPU
		{C67DAD12-9B8D-4AE3-B7B2-5F84E4E26EA8}.Release|iPhoneSimulator.ActiveCfg = Release|Any CPU
		{C67DAD12-9B8D-4AE3-B7B2-5F84E4E26EA8}.Release|iPhoneSimulator.Build.0 = Release|Any CPU
		{C67DAD12-9B8D-4AE3-B7B2-5F84E4E26EA8}.Release|Mixed Platforms.ActiveCfg = Release|Any CPU
		{C67DAD12-9B8D-4AE3-B7B2-5F84E4E26EA8}.Release|Mixed Platforms.Build.0 = Release|Any CPU
		{C67DAD12-9B8D-4AE3-B7B2-5F84E4E26EA8}.Release|x64.ActiveCfg = Release|Any CPU
		{C67DAD12-9B8D-4AE3-B7B2-5F84E4E26EA8}.Release|x64.Build.0 = Release|Any CPU
		{C67DAD12-9B8D-4AE3-B7B2-5F84E4E26EA8}.Release|x86.ActiveCfg = Release|Any CPU
		{C67DAD12-9B8D-4AE3-B7B2-5F84E4E26EA8}.Release|x86.Build.0 = Release|Any CPU
		{A47F6F63-D74D-4C78-BB34-518C57C41DEE}.Debug|Any CPU.ActiveCfg = Debug|Any CPU
		{A47F6F63-D74D-4C78-BB34-518C57C41DEE}.Debug|Any CPU.Build.0 = Debug|Any CPU
		{A47F6F63-D74D-4C78-BB34-518C57C41DEE}.Debug|Any CPU.Deploy.0 = Debug|Any CPU
		{A47F6F63-D74D-4C78-BB34-518C57C41DEE}.Debug|ARM.ActiveCfg = Debug|Any CPU
		{A47F6F63-D74D-4C78-BB34-518C57C41DEE}.Debug|ARM.Build.0 = Debug|Any CPU
		{A47F6F63-D74D-4C78-BB34-518C57C41DEE}.Debug|ARM.Deploy.0 = Debug|Any CPU
		{A47F6F63-D74D-4C78-BB34-518C57C41DEE}.Debug|iPhone.ActiveCfg = Debug|Any CPU
		{A47F6F63-D74D-4C78-BB34-518C57C41DEE}.Debug|iPhoneSimulator.ActiveCfg = Debug|Any CPU
		{A47F6F63-D74D-4C78-BB34-518C57C41DEE}.Debug|iPhoneSimulator.Build.0 = Debug|Any CPU
		{A47F6F63-D74D-4C78-BB34-518C57C41DEE}.Debug|iPhoneSimulator.Deploy.0 = Debug|Any CPU
		{A47F6F63-D74D-4C78-BB34-518C57C41DEE}.Debug|Mixed Platforms.ActiveCfg = Debug|Any CPU
		{A47F6F63-D74D-4C78-BB34-518C57C41DEE}.Debug|Mixed Platforms.Build.0 = Debug|Any CPU
		{A47F6F63-D74D-4C78-BB34-518C57C41DEE}.Debug|Mixed Platforms.Deploy.0 = Debug|Any CPU
		{A47F6F63-D74D-4C78-BB34-518C57C41DEE}.Debug|x64.ActiveCfg = Debug|Any CPU
		{A47F6F63-D74D-4C78-BB34-518C57C41DEE}.Debug|x64.Build.0 = Debug|Any CPU
		{A47F6F63-D74D-4C78-BB34-518C57C41DEE}.Debug|x64.Deploy.0 = Debug|Any CPU
		{A47F6F63-D74D-4C78-BB34-518C57C41DEE}.Debug|x86.ActiveCfg = Debug|Any CPU
		{A47F6F63-D74D-4C78-BB34-518C57C41DEE}.Debug|x86.Build.0 = Debug|Any CPU
		{A47F6F63-D74D-4C78-BB34-518C57C41DEE}.Debug|x86.Deploy.0 = Debug|Any CPU
		{A47F6F63-D74D-4C78-BB34-518C57C41DEE}.Release|Any CPU.ActiveCfg = Release|Any CPU
		{A47F6F63-D74D-4C78-BB34-518C57C41DEE}.Release|Any CPU.Build.0 = Release|Any CPU
		{A47F6F63-D74D-4C78-BB34-518C57C41DEE}.Release|Any CPU.Deploy.0 = Release|Any CPU
		{A47F6F63-D74D-4C78-BB34-518C57C41DEE}.Release|ARM.ActiveCfg = Release|Any CPU
		{A47F6F63-D74D-4C78-BB34-518C57C41DEE}.Release|ARM.Build.0 = Release|Any CPU
		{A47F6F63-D74D-4C78-BB34-518C57C41DEE}.Release|ARM.Deploy.0 = Release|Any CPU
		{A47F6F63-D74D-4C78-BB34-518C57C41DEE}.Release|iPhone.ActiveCfg = Release|Any CPU
		{A47F6F63-D74D-4C78-BB34-518C57C41DEE}.Release|iPhoneSimulator.ActiveCfg = Release|Any CPU
		{A47F6F63-D74D-4C78-BB34-518C57C41DEE}.Release|iPhoneSimulator.Build.0 = Release|Any CPU
		{A47F6F63-D74D-4C78-BB34-518C57C41DEE}.Release|iPhoneSimulator.Deploy.0 = Release|Any CPU
		{A47F6F63-D74D-4C78-BB34-518C57C41DEE}.Release|Mixed Platforms.ActiveCfg = Release|Any CPU
		{A47F6F63-D74D-4C78-BB34-518C57C41DEE}.Release|Mixed Platforms.Build.0 = Release|Any CPU
		{A47F6F63-D74D-4C78-BB34-518C57C41DEE}.Release|Mixed Platforms.Deploy.0 = Release|Any CPU
		{A47F6F63-D74D-4C78-BB34-518C57C41DEE}.Release|x64.ActiveCfg = Release|Any CPU
		{A47F6F63-D74D-4C78-BB34-518C57C41DEE}.Release|x64.Build.0 = Release|Any CPU
		{A47F6F63-D74D-4C78-BB34-518C57C41DEE}.Release|x64.Deploy.0 = Release|Any CPU
		{A47F6F63-D74D-4C78-BB34-518C57C41DEE}.Release|x86.ActiveCfg = Release|Any CPU
		{A47F6F63-D74D-4C78-BB34-518C57C41DEE}.Release|x86.Build.0 = Release|Any CPU
		{A47F6F63-D74D-4C78-BB34-518C57C41DEE}.Release|x86.Deploy.0 = Release|Any CPU
		{169D5C20-8FDA-48FC-96AF-2F6E09BB9B4F}.Debug|Any CPU.ActiveCfg = Debug|iPhone
		{169D5C20-8FDA-48FC-96AF-2F6E09BB9B4F}.Debug|ARM.ActiveCfg = Debug|iPhone
		{169D5C20-8FDA-48FC-96AF-2F6E09BB9B4F}.Debug|iPhone.ActiveCfg = Debug|iPhone
		{169D5C20-8FDA-48FC-96AF-2F6E09BB9B4F}.Debug|iPhone.Build.0 = Debug|iPhone
		{169D5C20-8FDA-48FC-96AF-2F6E09BB9B4F}.Debug|iPhoneSimulator.ActiveCfg = Debug|iPhoneSimulator
		{169D5C20-8FDA-48FC-96AF-2F6E09BB9B4F}.Debug|iPhoneSimulator.Build.0 = Debug|iPhoneSimulator
		{169D5C20-8FDA-48FC-96AF-2F6E09BB9B4F}.Debug|Mixed Platforms.ActiveCfg = Debug|iPhone
		{169D5C20-8FDA-48FC-96AF-2F6E09BB9B4F}.Debug|Mixed Platforms.Build.0 = Debug|iPhone
		{169D5C20-8FDA-48FC-96AF-2F6E09BB9B4F}.Debug|x64.ActiveCfg = Debug|iPhone
		{169D5C20-8FDA-48FC-96AF-2F6E09BB9B4F}.Debug|x86.ActiveCfg = Debug|iPhone
		{169D5C20-8FDA-48FC-96AF-2F6E09BB9B4F}.Release|Any CPU.ActiveCfg = Release|iPhone
		{169D5C20-8FDA-48FC-96AF-2F6E09BB9B4F}.Release|ARM.ActiveCfg = Release|iPhone
		{169D5C20-8FDA-48FC-96AF-2F6E09BB9B4F}.Release|iPhone.ActiveCfg = Release|iPhone
		{169D5C20-8FDA-48FC-96AF-2F6E09BB9B4F}.Release|iPhone.Build.0 = Release|iPhone
		{169D5C20-8FDA-48FC-96AF-2F6E09BB9B4F}.Release|iPhoneSimulator.ActiveCfg = Release|iPhoneSimulator
		{169D5C20-8FDA-48FC-96AF-2F6E09BB9B4F}.Release|iPhoneSimulator.Build.0 = Release|iPhoneSimulator
		{169D5C20-8FDA-48FC-96AF-2F6E09BB9B4F}.Release|Mixed Platforms.ActiveCfg = Release|iPhone
		{169D5C20-8FDA-48FC-96AF-2F6E09BB9B4F}.Release|Mixed Platforms.Build.0 = Release|iPhone
		{169D5C20-8FDA-48FC-96AF-2F6E09BB9B4F}.Release|x64.ActiveCfg = Release|iPhone
		{169D5C20-8FDA-48FC-96AF-2F6E09BB9B4F}.Release|x86.ActiveCfg = Release|iPhone
		{292F6A1E-E003-4BD7-8BAF-AC64B80D0BBA}.Debug|Any CPU.ActiveCfg = Debug|iPhone
		{292F6A1E-E003-4BD7-8BAF-AC64B80D0BBA}.Debug|ARM.ActiveCfg = Debug|iPhone
		{292F6A1E-E003-4BD7-8BAF-AC64B80D0BBA}.Debug|iPhone.ActiveCfg = Debug|iPhone
		{292F6A1E-E003-4BD7-8BAF-AC64B80D0BBA}.Debug|iPhone.Build.0 = Debug|iPhone
		{292F6A1E-E003-4BD7-8BAF-AC64B80D0BBA}.Debug|iPhoneSimulator.ActiveCfg = Debug|iPhoneSimulator
		{292F6A1E-E003-4BD7-8BAF-AC64B80D0BBA}.Debug|iPhoneSimulator.Build.0 = Debug|iPhoneSimulator
		{292F6A1E-E003-4BD7-8BAF-AC64B80D0BBA}.Debug|Mixed Platforms.ActiveCfg = Debug|iPhone
		{292F6A1E-E003-4BD7-8BAF-AC64B80D0BBA}.Debug|Mixed Platforms.Build.0 = Debug|iPhone
		{292F6A1E-E003-4BD7-8BAF-AC64B80D0BBA}.Debug|x64.ActiveCfg = Debug|iPhone
		{292F6A1E-E003-4BD7-8BAF-AC64B80D0BBA}.Debug|x86.ActiveCfg = Debug|iPhone
		{292F6A1E-E003-4BD7-8BAF-AC64B80D0BBA}.Release|Any CPU.ActiveCfg = Release|iPhone
		{292F6A1E-E003-4BD7-8BAF-AC64B80D0BBA}.Release|ARM.ActiveCfg = Release|iPhone
		{292F6A1E-E003-4BD7-8BAF-AC64B80D0BBA}.Release|iPhone.ActiveCfg = Release|iPhone
		{292F6A1E-E003-4BD7-8BAF-AC64B80D0BBA}.Release|iPhone.Build.0 = Release|iPhone
		{292F6A1E-E003-4BD7-8BAF-AC64B80D0BBA}.Release|iPhoneSimulator.ActiveCfg = Release|iPhoneSimulator
		{292F6A1E-E003-4BD7-8BAF-AC64B80D0BBA}.Release|iPhoneSimulator.Build.0 = Release|iPhoneSimulator
		{292F6A1E-E003-4BD7-8BAF-AC64B80D0BBA}.Release|Mixed Platforms.ActiveCfg = Release|iPhone
		{292F6A1E-E003-4BD7-8BAF-AC64B80D0BBA}.Release|Mixed Platforms.Build.0 = Release|iPhone
		{292F6A1E-E003-4BD7-8BAF-AC64B80D0BBA}.Release|x64.ActiveCfg = Release|iPhone
		{292F6A1E-E003-4BD7-8BAF-AC64B80D0BBA}.Release|x86.ActiveCfg = Release|iPhone
	EndGlobalSection
	GlobalSection(SolutionProperties) = preSolution
		HideSolutionNode = FALSE
	EndGlobalSection
	GlobalSection(ExtensibilityGlobals) = postSolution
		SolutionGuid = {088D83CF-C15E-4922-B5B1-D1DECA743640}
	EndGlobalSection
EndGlobal
