
Microsoft Visual Studio Solution File, Format Version 12.00
# Visual Studio Version 17
VisualStudioVersion = 17.2.32526.322
MinimumVisualStudioVersion = 10.0.40219.1
Project("{9A19103F-16F7-4668-BE54-9A1E7A4F7556}") = "CrossCamMaui", "CrossCamMaui\CrossCamMaui.csproj", "{265C4DF6-62A5-4E32-8C31-1BDE786F05CF}"
EndProject
Global
	GlobalSection(SolutionConfigurationPlatforms) = preSolution
		Debug Without Emgu|Any CPU = Debug Without Emgu|Any CPU
		Debug Without Emgu|iPhone = Debug Without Emgu|iPhone
		Debug Without Emgu|iPhoneSimulator = Debug Without Emgu|iPhoneSimulator
		Debug|Any CPU = Debug|Any CPU
		Debug|iPhone = Debug|iPhone
		Debug|iPhoneSimulator = Debug|iPhoneSimulator
		Release|Any CPU = Release|Any CPU
		Release|iPhone = Release|iPhone
		Release|iPhoneSimulator = Release|iPhoneSimulator
	EndGlobalSection
	GlobalSection(ProjectConfigurationPlatforms) = postSolution
		{265C4DF6-62A5-4E32-8C31-1BDE786F05CF}.Debug Without Emgu|Any CPU.ActiveCfg = Debug|Any CPU
		{265C4DF6-62A5-4E32-8C31-1BDE786F05CF}.Debug Without Emgu|Any CPU.Build.0 = Debug|Any CPU
		{265C4DF6-62A5-4E32-8C31-1BDE786F05CF}.Debug Without Emgu|Any CPU.Deploy.0 = Debug|Any CPU
		{265C4DF6-62A5-4E32-8C31-1BDE786F05CF}.Debug Without Emgu|iPhone.ActiveCfg = Debug Without Emgu|Any CPU
		{265C4DF6-62A5-4E32-8C31-1BDE786F05CF}.Debug Without Emgu|iPhone.Build.0 = Debug Without Emgu|Any CPU
		{265C4DF6-62A5-4E32-8C31-1BDE786F05CF}.Debug Without Emgu|iPhone.Deploy.0 = Debug Without Emgu|Any CPU
		{265C4DF6-62A5-4E32-8C31-1BDE786F05CF}.Debug Without Emgu|iPhoneSimulator.ActiveCfg = Debug|Any CPU
		{265C4DF6-62A5-4E32-8C31-1BDE786F05CF}.Debug Without Emgu|iPhoneSimulator.Build.0 = Debug|Any CPU
		{265C4DF6-62A5-4E32-8C31-1BDE786F05CF}.Debug Without Emgu|iPhoneSimulator.Deploy.0 = Debug|Any CPU
		{265C4DF6-62A5-4E32-8C31-1BDE786F05CF}.Debug|Any CPU.ActiveCfg = Debug|Any CPU
		{265C4DF6-62A5-4E32-8C31-1BDE786F05CF}.Debug|Any CPU.Build.0 = Debug|Any CPU
		{265C4DF6-62A5-4E32-8C31-1BDE786F05CF}.Debug|Any CPU.Deploy.0 = Debug|Any CPU
		{265C4DF6-62A5-4E32-8C31-1BDE786F05CF}.Debug|iPhone.ActiveCfg = Debug|Any CPU
		{265C4DF6-62A5-4E32-8C31-1BDE786F05CF}.Debug|iPhone.Build.0 = Debug|Any CPU
		{265C4DF6-62A5-4E32-8C31-1BDE786F05CF}.Debug|iPhone.Deploy.0 = Debug|Any CPU
		{265C4DF6-62A5-4E32-8C31-1BDE786F05CF}.Debug|iPhoneSimulator.ActiveCfg = Debug|Any CPU
		{265C4DF6-62A5-4E32-8C31-1BDE786F05CF}.Debug|iPhoneSimulator.Build.0 = Debug|Any CPU
		{265C4DF6-62A5-4E32-8C31-1BDE786F05CF}.Debug|iPhoneSimulator.Deploy.0 = Debug|Any CPU
		{265C4DF6-62A5-4E32-8C31-1BDE786F05CF}.Release|Any CPU.ActiveCfg = Release|Any CPU
		{265C4DF6-62A5-4E32-8C31-1BDE786F05CF}.Release|Any CPU.Build.0 = Release|Any CPU
		{265C4DF6-62A5-4E32-8C31-1BDE786F05CF}.Release|Any CPU.Deploy.0 = Release|Any CPU
		{265C4DF6-62A5-4E32-8C31-1BDE786F05CF}.Release|iPhone.ActiveCfg = Release|Any CPU
		{265C4DF6-62A5-4E32-8C31-1BDE786F05CF}.Release|iPhone.Build.0 = Release|Any CPU
		{265C4DF6-62A5-4E32-8C31-1BDE786F05CF}.Release|iPhone.Deploy.0 = Release|Any CPU
		{265C4DF6-62A5-4E32-8C31-1BDE786F05CF}.Release|iPhoneSimulator.ActiveCfg = Release|Any CPU
		{265C4DF6-62A5-4E32-8C31-1BDE786F05CF}.Release|iPhoneSimulator.Build.0 = Release|Any CPU
		{265C4DF6-62A5-4E32-8C31-1BDE786F05CF}.Release|iPhoneSimulator.Deploy.0 = Release|Any CPU
	EndGlobalSection
	GlobalSection(SolutionProperties) = preSolution
		HideSolutionNode = FALSE
	EndGlobalSection
	GlobalSection(ExtensibilityGlobals) = postSolution
		SolutionGuid = {088D83CF-C15E-4922-B5B1-D1DECA743640}
	EndGlobalSection
EndGlobal
